
Microsoft Visual Studio Solution File, Format Version 12.00
# Visual Studio Version 16
VisualStudioVersion = 16.0.32106.194
MinimumVisualStudioVersion = 10.0.40219.1
Project("{FAE04EC0-301F-11D3-BF4B-00C04F79EFBC}") = "CopyGroupPlugin2", "CopyGroupPlugin\CopyGroupPlugin2.csproj", "{74EB2F4B-72BD-4948-A11B-8710D5E669F0}"
EndProject
Global
	GlobalSection(SolutionConfigurationPlatforms) = preSolution
		Debug|Any CPU = Debug|Any CPU
		Release|Any CPU = Release|Any CPU
	EndGlobalSection
	GlobalSection(ProjectConfigurationPlatforms) = postSolution
		{74EB2F4B-72BD-4948-A11B-8710D5E669F0}.Debug|Any CPU.ActiveCfg = Debug|Any CPU
		{74EB2F4B-72BD-4948-A11B-8710D5E669F0}.Debug|Any CPU.Build.0 = Debug|Any CPU
		{74EB2F4B-72BD-4948-A11B-8710D5E669F0}.Release|Any CPU.ActiveCfg = Release|Any CPU
		{74EB2F4B-72BD-4948-A11B-8710D5E669F0}.Release|Any CPU.Build.0 = Release|Any CPU
	EndGlobalSection
	GlobalSection(SolutionProperties) = preSolution
		HideSolutionNode = FALSE
	EndGlobalSection
	GlobalSection(ExtensibilityGlobals) = postSolution
		SolutionGuid = {BAD44C45-422F-4B83-9AAF-B996DC5856B8}
	EndGlobalSection
EndGlobal
